
Microsoft Visual Studio Solution File, Format Version 12.00
# Visual Studio 15
VisualStudioVersion = 15.0.28307.168
MinimumVisualStudioVersion = 10.0.40219.1
Project("{FAE04EC0-301F-11D3-BF4B-00C04F79EFBC}") = "RRCAGApp", "RRCAGApp\RRCAGApp.csproj", "{D9B6840C-010A-48DF-99F1-84B96F070215}"
EndProject
Global
	GlobalSection(SolutionConfigurationPlatforms) = preSolution
		Debug|Any CPU = Debug|Any CPU
		Release|Any CPU = Release|Any CPU
	EndGlobalSection
	GlobalSection(ProjectConfigurationPlatforms) = postSolution
		{D9B6840C-010A-48DF-99F1-84B96F070215}.Debug|Any CPU.ActiveCfg = Debug|Any CPU
		{D9B6840C-010A-48DF-99F1-84B96F070215}.Debug|Any CPU.Build.0 = Debug|Any CPU
		{D9B6840C-010A-48DF-99F1-84B96F070215}.Release|Any CPU.ActiveCfg = Release|Any CPU
		{D9B6840C-010A-48DF-99F1-84B96F070215}.Release|Any CPU.Build.0 = Release|Any CPU
	EndGlobalSection
	GlobalSection(SolutionProperties) = preSolution
		HideSolutionNode = FALSE
	EndGlobalSection
	GlobalSection(ExtensibilityGlobals) = postSolution
		SolutionGuid = {1A27ADC0-9CEE-4162-8349-A10EAEFB6DF2}
	EndGlobalSection
EndGlobal
