
Microsoft Visual Studio Solution File, Format Version 12.00
# Visual Studio 15
VisualStudioVersion = 15.0.28307.168
MinimumVisualStudioVersion = 10.0.40219.1
Project("{FAE04EC0-301F-11D3-BF4B-00C04F79EFBC}") = "Unit4Exercuses", "Unit4Exercuses\Unit4Exercuses.csproj", "{3AB2B33D-4033-4B27-A942-C6E84E8DFFF2}"
EndProject
Global
	GlobalSection(SolutionConfigurationPlatforms) = preSolution
		Debug|Any CPU = Debug|Any CPU
		Release|Any CPU = Release|Any CPU
	EndGlobalSection
	GlobalSection(ProjectConfigurationPlatforms) = postSolution
		{3AB2B33D-4033-4B27-A942-C6E84E8DFFF2}.Debug|Any CPU.ActiveCfg = Debug|Any CPU
		{3AB2B33D-4033-4B27-A942-C6E84E8DFFF2}.Debug|Any CPU.Build.0 = Debug|Any CPU
		{3AB2B33D-4033-4B27-A942-C6E84E8DFFF2}.Release|Any CPU.ActiveCfg = Release|Any CPU
		{3AB2B33D-4033-4B27-A942-C6E84E8DFFF2}.Release|Any CPU.Build.0 = Release|Any CPU
	EndGlobalSection
	GlobalSection(SolutionProperties) = preSolution
		HideSolutionNode = FALSE
	EndGlobalSection
	GlobalSection(ExtensibilityGlobals) = postSolution
		SolutionGuid = {0E38D2F2-7443-42E0-B9E7-BE49E38DF15D}
	EndGlobalSection
EndGlobal
